
Microsoft Visual Studio Solution File, Format Version 12.00
# Visual Studio Version 16
VisualStudioVersion = 16.0.30517.126
MinimumVisualStudioVersion = 10.0.40219.1
Project("{FAE04EC0-301F-11D3-BF4B-00C04F79EFBC}") = "AcadUtulPr", "AcadUtulPr.csproj", "{DFC8548A-679A-449C-8AC2-2627F8D911CA}"
EndProject
Global
	GlobalSection(SolutionConfigurationPlatforms) = preSolution
		Debug|Any CPU = Debug|Any CPU
		Release|Any CPU = Release|Any CPU
	EndGlobalSection
	GlobalSection(ProjectConfigurationPlatforms) = postSolution
		{DFC8548A-679A-449C-8AC2-2627F8D911CA}.Debug|Any CPU.ActiveCfg = Debug|Any CPU
		{DFC8548A-679A-449C-8AC2-2627F8D911CA}.Debug|Any CPU.Build.0 = Debug|Any CPU
		{DFC8548A-679A-449C-8AC2-2627F8D911CA}.Release|Any CPU.ActiveCfg = Release|Any CPU
		{DFC8548A-679A-449C-8AC2-2627F8D911CA}.Release|Any CPU.Build.0 = Release|Any CPU
	EndGlobalSection
	GlobalSection(SolutionProperties) = preSolution
		HideSolutionNode = FALSE
	EndGlobalSection
	GlobalSection(ExtensibilityGlobals) = postSolution
		SolutionGuid = {8E985FEE-A1D9-44A4-8E7E-C234F0CFD6B5}
	EndGlobalSection
EndGlobal
